
Microsoft Visual Studio Solution File, Format Version 12.00
# Visual Studio Version 17
VisualStudioVersion = 17.11.35327.3
MinimumVisualStudioVersion = 10.0.40219.1
Project("{9A19103F-16F7-4668-BE54-9A1E7A4F7556}") = "Programs", "Programs\Programs.csproj", "{572FDCE7-8964-4F9B-9AAF-C0EE1E022E7F}"
EndProject
Project("{9A19103F-16F7-4668-BE54-9A1E7A4F7556}") = "ArrayPrograms", "ArrayPrograms\ArrayPrograms.csproj", "{B26951E5-F82D-40AD-8B4E-1A085FA44DEC}"
EndProject
Project("{9A19103F-16F7-4668-BE54-9A1E7A4F7556}") = "Recursion", "Recursion\Recursion.csproj", "{14AAD03D-52BA-488F-886B-1910912A1226}"
EndProject
Project("{9A19103F-16F7-4668-BE54-9A1E7A4F7556}") = "Strings", "Strings\Strings.csproj", "{BEF1F72D-C1D1-4C20-8A3D-D47FC6E07FCA}"
EndProject
Global
	GlobalSection(SolutionConfigurationPlatforms) = preSolution
		Debug|Any CPU = Debug|Any CPU
		Release|Any CPU = Release|Any CPU
	EndGlobalSection
	GlobalSection(ProjectConfigurationPlatforms) = postSolution
		{572FDCE7-8964-4F9B-9AAF-C0EE1E022E7F}.Debug|Any CPU.ActiveCfg = Debug|Any CPU
		{572FDCE7-8964-4F9B-9AAF-C0EE1E022E7F}.Debug|Any CPU.Build.0 = Debug|Any CPU
		{572FDCE7-8964-4F9B-9AAF-C0EE1E022E7F}.Release|Any CPU.ActiveCfg = Release|Any CPU
		{572FDCE7-8964-4F9B-9AAF-C0EE1E022E7F}.Release|Any CPU.Build.0 = Release|Any CPU
		{B26951E5-F82D-40AD-8B4E-1A085FA44DEC}.Debug|Any CPU.ActiveCfg = Debug|Any CPU
		{B26951E5-F82D-40AD-8B4E-1A085FA44DEC}.Debug|Any CPU.Build.0 = Debug|Any CPU
		{B26951E5-F82D-40AD-8B4E-1A085FA44DEC}.Release|Any CPU.ActiveCfg = Release|Any CPU
		{B26951E5-F82D-40AD-8B4E-1A085FA44DEC}.Release|Any CPU.Build.0 = Release|Any CPU
		{14AAD03D-52BA-488F-886B-1910912A1226}.Debug|Any CPU.ActiveCfg = Debug|Any CPU
		{14AAD03D-52BA-488F-886B-1910912A1226}.Debug|Any CPU.Build.0 = Debug|Any CPU
		{14AAD03D-52BA-488F-886B-1910912A1226}.Release|Any CPU.ActiveCfg = Release|Any CPU
		{14AAD03D-52BA-488F-886B-1910912A1226}.Release|Any CPU.Build.0 = Release|Any CPU
		{BEF1F72D-C1D1-4C20-8A3D-D47FC6E07FCA}.Debug|Any CPU.ActiveCfg = Debug|Any CPU
		{BEF1F72D-C1D1-4C20-8A3D-D47FC6E07FCA}.Debug|Any CPU.Build.0 = Debug|Any CPU
		{BEF1F72D-C1D1-4C20-8A3D-D47FC6E07FCA}.Release|Any CPU.ActiveCfg = Release|Any CPU
		{BEF1F72D-C1D1-4C20-8A3D-D47FC6E07FCA}.Release|Any CPU.Build.0 = Release|Any CPU
	EndGlobalSection
	GlobalSection(SolutionProperties) = preSolution
		HideSolutionNode = FALSE
	EndGlobalSection
	GlobalSection(ExtensibilityGlobals) = postSolution
		SolutionGuid = {ED3CCBF8-348F-4236-A307-C367FFBC26D0}
	EndGlobalSection
EndGlobal
